
Microsoft Visual Studio Solution File, Format Version 12.00
# Visual Studio Version 17
VisualStudioVersion = 17.13.35828.75 d17.13
MinimumVisualStudioVersion = 10.0.40219.1
Project("{D2ABAB84-BF74-430A-B69E-9DC6D40DDA17}") = "ProyectoMultidimensional", "ProyectoMultidimensional\ProyectoMultidimensional.dwproj", "{0FE24146-381A-0194-011D-4AA3B41A06DA}"
EndProject
Global
	GlobalSection(SolutionConfigurationPlatforms) = preSolution
		Development|Default = Development|Default
	EndGlobalSection
	GlobalSection(ProjectConfigurationPlatforms) = postSolution
		{0FE24146-381A-0194-011D-4AA3B41A06DA}.Development|Default.ActiveCfg = Development
		{0FE24146-381A-0194-011D-4AA3B41A06DA}.Development|Default.Build.0 = Development
		{0FE24146-381A-0194-011D-4AA3B41A06DA}.Development|Default.Deploy.0 = Development
	EndGlobalSection
	GlobalSection(SolutionProperties) = preSolution
		HideSolutionNode = FALSE
	EndGlobalSection
	GlobalSection(ExtensibilityGlobals) = postSolution
		SolutionGuid = {5E7814BA-24AA-4996-B637-1BCF077C460C}
	EndGlobalSection
EndGlobal
